{
  "name": "web_project",
  "version": "1.0.0",
  "lockfileVersion": 3,
  "requires": true,
  "packages": {
    "": {
      "name": "web_project",
      "version": "1.0.0",
      "license": "ISC",
      "dependencies": {
        "flag-icons": "^7.2.3"
      }
    },
    "node_modules/flag-icons": {
      "version": "7.2.3",
      "resolved": "https://registry.npmjs.org/flag-icons/-/flag-icons-7.2.3.tgz",
      "integrity": "sha512-X2gUdteNuqdNqob2KKTJTS+ZCvyWeLCtDz9Ty8uJP17Y4o82Y+U/Vd4JNrdwTAjagYsRznOn9DZ+E/Q52qbmqg==",
      "license": "MIT"
    }
  }
}
